Microsoft Visual Studio Solution File, Format Version 12.00
# Visual Studio 2012
Project("{FAE04EC0-301F-11D3-BF4B-00C04F79EFBC}") = "OM20500", "OM20500\OM20500.csproj", "{3C866C18-D223-4A10-9C70-291D09E2E17E}"
EndProject
Global
	GlobalSection(TeamFoundationVersionControl) = preSolution
		SccNumberOfProjects = 2
		SccEnterpriseProvider = {4CA58AB2-18FA-4F8D-95D4-32DDF27D184C}
		SccTeamFoundationServer = http://192.168.130.4:8088/tfs/hqsoft
		SccLocalPath0 = .
		SccProjectUniqueName1 = OM20500\\OM20500.csproj
		SccProjectName1 = OM20500
		SccLocalPath1 = OM20500
	EndGlobalSection
	GlobalSection(SolutionConfigurationPlatforms) = preSolution
		Debug|Any CPU = Debug|Any CPU
		Release|Any CPU = Release|Any CPU
	EndGlobalSection
	GlobalSection(ProjectConfigurationPlatforms) = postSolution
		{3C866C18-D223-4A10-9C70-291D09E2E17E}.Debug|Any CPU.ActiveCfg = Debug|Any CPU
		{3C866C18-D223-4A10-9C70-291D09E2E17E}.Debug|Any CPU.Build.0 = Debug|Any CPU
		{3C866C18-D223-4A10-9C70-291D09E2E17E}.Release|Any CPU.ActiveCfg = Release|Any CPU
		{3C866C18-D223-4A10-9C70-291D09E2E17E}.Release|Any CPU.Build.0 = Release|Any CPU
	EndGlobalSection
	GlobalSection(SolutionProperties) = preSolution
		HideSolutionNode = FALSE
	EndGlobalSection
EndGlobal
