
Microsoft Visual Studio Solution File, Format Version 12.00
# Visual Studio 2012
Project("{FAE04EC0-301F-11D3-BF4B-00C04F79EFBC}") = "PO00000", "PO00000\PO00000.csproj", "{C1DA4681-C604-40DC-A073-66E0110BA2B3}"
EndProject
Global
	GlobalSection(TeamFoundationVersionControl) = preSolution
		SccNumberOfProjects = 2
		SccEnterpriseProvider = {4CA58AB2-18FA-4F8D-95D4-32DDF27D184C}
		SccTeamFoundationServer = http://192.168.130.4:8088/tfs/hqsoft
		SccLocalPath0 = .
		SccProjectUniqueName1 = PO00000\\PO00000.csproj
		SccProjectName1 = PO00000
		SccLocalPath1 = PO00000
	EndGlobalSection
	GlobalSection(SolutionConfigurationPlatforms) = preSolution
		Debug|Any CPU = Debug|Any CPU
		Release|Any CPU = Release|Any CPU
	EndGlobalSection
	GlobalSection(ProjectConfigurationPlatforms) = postSolution
		{C1DA4681-C604-40DC-A073-66E0110BA2B3}.Debug|Any CPU.ActiveCfg = Debug|Any CPU
		{C1DA4681-C604-40DC-A073-66E0110BA2B3}.Debug|Any CPU.Build.0 = Debug|Any CPU
		{C1DA4681-C604-40DC-A073-66E0110BA2B3}.Release|Any CPU.ActiveCfg = Release|Any CPU
		{C1DA4681-C604-40DC-A073-66E0110BA2B3}.Release|Any CPU.Build.0 = Release|Any CPU
	EndGlobalSection
	GlobalSection(SolutionProperties) = preSolution
		HideSolutionNode = FALSE
	EndGlobalSection
EndGlobal
